
Microsoft Visual Studio Solution File, Format Version 12.00
# Visual Studio Version 17
VisualStudioVersion = 17.14.36511.14
MinimumVisualStudioVersion = 10.0.40219.1
Project("{2150E333-8FDC-42A3-9474-1A3956D46DE8}") = "Task0", "Task0", "{02EA681E-C7D8-13C7-8484-4AC65E1B71E8}"
EndProject
Project("{FAE04EC0-301F-11D3-BF4B-00C04F79EFBC}") = "Tyuiu.LavrentevVA.Sprint5.Task0.V1", "Tyuiu.LavrentevVA.Sprint5.Task0.V1\Tyuiu.LavrentevVA.Sprint5.Task0.V1.csproj", "{3F1303A2-4AEB-4ED1-9E17-713AE6EA2E42}"
EndProject
Project("{FAE04EC0-301F-11D3-BF4B-00C04F79EFBC}") = "Tyuiu.LavrentevVA.Sprint5.Task0.V1.Lib", "Tyuiu.LavrentevVA.Sprint5.Task0.V1.Lib\Tyuiu.LavrentevVA.Sprint5.Task0.V1.Lib.csproj", "{57468EEC-970B-419E-A0EB-9AFE9552E272}"
EndProject
Project("{FAE04EC0-301F-11D3-BF4B-00C04F79EFBC}") = "Tyuiu.LavrentevVA.Sprint5.Task0.V1.Test", "Tyuiu.LavrentevVA.Sprint5.Task0.V1.Test\Tyuiu.LavrentevVA.Sprint5.Task0.V1.Test.csproj", "{CAD8D4F3-4B50-4E4A-B424-36F1D2B6B410}"
EndProject
Project("{2150E333-8FDC-42A3-9474-1A3956D46DE8}") = "Task1", "Task1", "{7C952399-7CB9-4A75-956D-04E34C5DC989}"
EndProject
Project("{FAE04EC0-301F-11D3-BF4B-00C04F79EFBC}") = "Tyuiu.LavrentevVA.Sprint5.Task1.V3", "Tyuiu.LavrentevVA.Sprint5.Task1.V3\Tyuiu.LavrentevVA.Sprint5.Task1.V3.csproj", "{E2902B6A-5CE2-4A0C-A232-65094FBA5851}"
EndProject
Project("{FAE04EC0-301F-11D3-BF4B-00C04F79EFBC}") = "Tyuiu.LavrentevVA.Sprint5.Task1.V3.Lib", "Tyuiu.LavrentevVA.Sprint5.Task1.V3.Lib\Tyuiu.LavrentevVA.Sprint5.Task1.V3.Lib.csproj", "{1E86DF85-D992-42C4-86FC-42830C50CB2F}"
EndProject
Project("{FAE04EC0-301F-11D3-BF4B-00C04F79EFBC}") = "Tyuiu.LavrentevVA.Sprint5.Task1.V3.Test", "Tyuiu.LavrentevVA.Sprint5.Task1.V3.Test\Tyuiu.LavrentevVA.Sprint5.Task1.V3.Test.csproj", "{2B863802-EF15-421B-B58C-E1EE64C7E7EA}"
EndProject
Project("{2150E333-8FDC-42A3-9474-1A3956D46DE8}") = "Task2", "Task2", "{23D8FC3E-4F66-4F63-88B5-7B95131B2815}"
EndProject
Project("{FAE04EC0-301F-11D3-BF4B-00C04F79EFBC}") = "Tyuiu.LavrentevVA.Sprint5.Task2.V23", "Tyuiu.LavrentevVA.Sprint5.Task2.V23\Tyuiu.LavrentevVA.Sprint5.Task2.V23.csproj", "{CA21879A-EE87-4C85-AF95-DDCD81ABFBE7}"
EndProject
Project("{FAE04EC0-301F-11D3-BF4B-00C04F79EFBC}") = "Tyuiu.LavrentevVA.Sprint5.Task2.V23.Lib", "Tyuiu.LavrentevVA.Sprint5.Task2.V23.Lib\Tyuiu.LavrentevVA.Sprint5.Task2.V23.Lib.csproj", "{DC918FE5-63F0-4172-8201-AEC4F18475A9}"
EndProject
Project("{FAE04EC0-301F-11D3-BF4B-00C04F79EFBC}") = "Tyuiu.LavrentevVA.Sprint5.Task2.V23.Test", "Tyuiu.LavrentevVA.Sprint5.Task2.V23.Test\Tyuiu.LavrentevVA.Sprint5.Task2.V23.Test.csproj", "{4267759A-1CEA-4FB9-A4A0-7089C05465CA}"
EndProject
Project("{2150E333-8FDC-42A3-9474-1A3956D46DE8}") = "Task3", "Task3", "{889147B4-5895-4E8C-BBE5-3919DB3FC1AE}"
EndProject
Project("{FAE04EC0-301F-11D3-BF4B-00C04F79EFBC}") = "Tyuiu.LavrentevVA.Sprint5.Task3.V19", "Tyuiu.LavrentevVA.Sprint5.Task3.V19\Tyuiu.LavrentevVA.Sprint5.Task3.V19.csproj", "{C0880EA7-6B6E-4CBE-A334-6581FD05DA8D}"
EndProject
Project("{FAE04EC0-301F-11D3-BF4B-00C04F79EFBC}") = "Tyuiu.LavrentevVA.Sprint5.Task3.V19.Lib", "Tyuiu.LavrentevVA.Sprint5.Task3.V19.Lib\Tyuiu.LavrentevVA.Sprint5.Task3.V19.Lib.csproj", "{030C5932-F9D0-45BC-A224-7015B318CDDE}"
EndProject
Project("{FAE04EC0-301F-11D3-BF4B-00C04F79EFBC}") = "Tyuiu.LavrentevVA.Sprint5.Task3.V19.Test", "Tyuiu.LavrentevVA.Sprint5.Task3.V19.Test\Tyuiu.LavrentevVA.Sprint5.Task3.V19.Test.csproj", "{65204C70-C3DE-4BF9-A3F5-80CAB47D3AE2}"
EndProject
Global
	GlobalSection(SolutionConfigurationPlatforms) = preSolution
		Debug|Any CPU = Debug|Any CPU
		Release|Any CPU = Release|Any CPU
	EndGlobalSection
	GlobalSection(ProjectConfigurationPlatforms) = postSolution
		{3F1303A2-4AEB-4ED1-9E17-713AE6EA2E42}.Debug|Any CPU.ActiveCfg = Debug|Any CPU
		{3F1303A2-4AEB-4ED1-9E17-713AE6EA2E42}.Debug|Any CPU.Build.0 = Debug|Any CPU
		{3F1303A2-4AEB-4ED1-9E17-713AE6EA2E42}.Release|Any CPU.ActiveCfg = Release|Any CPU
		{3F1303A2-4AEB-4ED1-9E17-713AE6EA2E42}.Release|Any CPU.Build.0 = Release|Any CPU
		{57468EEC-970B-419E-A0EB-9AFE9552E272}.Debug|Any CPU.ActiveCfg = Debug|Any CPU
		{57468EEC-970B-419E-A0EB-9AFE9552E272}.Debug|Any CPU.Build.0 = Debug|Any CPU
		{57468EEC-970B-419E-A0EB-9AFE9552E272}.Release|Any CPU.ActiveCfg = Release|Any CPU
		{57468EEC-970B-419E-A0EB-9AFE9552E272}.Release|Any CPU.Build.0 = Release|Any CPU
		{CAD8D4F3-4B50-4E4A-B424-36F1D2B6B410}.Debug|Any CPU.ActiveCfg = Debug|Any CPU
		{CAD8D4F3-4B50-4E4A-B424-36F1D2B6B410}.Debug|Any CPU.Build.0 = Debug|Any CPU
		{CAD8D4F3-4B50-4E4A-B424-36F1D2B6B410}.Release|Any CPU.ActiveCfg = Release|Any CPU
		{CAD8D4F3-4B50-4E4A-B424-36F1D2B6B410}.Release|Any CPU.Build.0 = Release|Any CPU
		{E2902B6A-5CE2-4A0C-A232-65094FBA5851}.Debug|Any CPU.ActiveCfg = Debug|Any CPU
		{E2902B6A-5CE2-4A0C-A232-65094FBA5851}.Debug|Any CPU.Build.0 = Debug|Any CPU
		{E2902B6A-5CE2-4A0C-A232-65094FBA5851}.Release|Any CPU.ActiveCfg = Release|Any CPU
		{E2902B6A-5CE2-4A0C-A232-65094FBA5851}.Release|Any CPU.Build.0 = Release|Any CPU
		{1E86DF85-D992-42C4-86FC-42830C50CB2F}.Debug|Any CPU.ActiveCfg = Debug|Any CPU
		{1E86DF85-D992-42C4-86FC-42830C50CB2F}.Debug|Any CPU.Build.0 = Debug|Any CPU
		{1E86DF85-D992-42C4-86FC-42830C50CB2F}.Release|Any CPU.ActiveCfg = Release|Any CPU
		{1E86DF85-D992-42C4-86FC-42830C50CB2F}.Release|Any CPU.Build.0 = Release|Any CPU
		{2B863802-EF15-421B-B58C-E1EE64C7E7EA}.Debug|Any CPU.ActiveCfg = Debug|Any CPU
		{2B863802-EF15-421B-B58C-E1EE64C7E7EA}.Debug|Any CPU.Build.0 = Debug|Any CPU
		{2B863802-EF15-421B-B58C-E1EE64C7E7EA}.Release|Any CPU.ActiveCfg = Release|Any CPU
		{2B863802-EF15-421B-B58C-E1EE64C7E7EA}.Release|Any CPU.Build.0 = Release|Any CPU
		{CA21879A-EE87-4C85-AF95-DDCD81ABFBE7}.Debug|Any CPU.ActiveCfg = Debug|Any CPU
		{CA21879A-EE87-4C85-AF95-DDCD81ABFBE7}.Debug|Any CPU.Build.0 = Debug|Any CPU
		{CA21879A-EE87-4C85-AF95-DDCD81ABFBE7}.Release|Any CPU.ActiveCfg = Release|Any CPU
		{CA21879A-EE87-4C85-AF95-DDCD81ABFBE7}.Release|Any CPU.Build.0 = Release|Any CPU
		{DC918FE5-63F0-4172-8201-AEC4F18475A9}.Debug|Any CPU.ActiveCfg = Debug|Any CPU
		{DC918FE5-63F0-4172-8201-AEC4F18475A9}.Debug|Any CPU.Build.0 = Debug|Any CPU
		{DC918FE5-63F0-4172-8201-AEC4F18475A9}.Release|Any CPU.ActiveCfg = Release|Any CPU
		{DC918FE5-63F0-4172-8201-AEC4F18475A9}.Release|Any CPU.Build.0 = Release|Any CPU
		{4267759A-1CEA-4FB9-A4A0-7089C05465CA}.Debug|Any CPU.ActiveCfg = Debug|Any CPU
		{4267759A-1CEA-4FB9-A4A0-7089C05465CA}.Debug|Any CPU.Build.0 = Debug|Any CPU
		{4267759A-1CEA-4FB9-A4A0-7089C05465CA}.Release|Any CPU.ActiveCfg = Release|Any CPU
		{4267759A-1CEA-4FB9-A4A0-7089C05465CA}.Release|Any CPU.Build.0 = Release|Any CPU
		{C0880EA7-6B6E-4CBE-A334-6581FD05DA8D}.Debug|Any CPU.ActiveCfg = Debug|Any CPU
		{C0880EA7-6B6E-4CBE-A334-6581FD05DA8D}.Debug|Any CPU.Build.0 = Debug|Any CPU
		{C0880EA7-6B6E-4CBE-A334-6581FD05DA8D}.Release|Any CPU.ActiveCfg = Release|Any CPU
		{C0880EA7-6B6E-4CBE-A334-6581FD05DA8D}.Release|Any CPU.Build.0 = Release|Any CPU
		{030C5932-F9D0-45BC-A224-7015B318CDDE}.Debug|Any CPU.ActiveCfg = Debug|Any CPU
		{030C5932-F9D0-45BC-A224-7015B318CDDE}.Debug|Any CPU.Build.0 = Debug|Any CPU
		{030C5932-F9D0-45BC-A224-7015B318CDDE}.Release|Any CPU.ActiveCfg = Release|Any CPU
		{030C5932-F9D0-45BC-A224-7015B318CDDE}.Release|Any CPU.Build.0 = Release|Any CPU
		{65204C70-C3DE-4BF9-A3F5-80CAB47D3AE2}.Debug|Any CPU.ActiveCfg = Debug|Any CPU
		{65204C70-C3DE-4BF9-A3F5-80CAB47D3AE2}.Debug|Any CPU.Build.0 = Debug|Any CPU
		{65204C70-C3DE-4BF9-A3F5-80CAB47D3AE2}.Release|Any CPU.ActiveCfg = Release|Any CPU
		{65204C70-C3DE-4BF9-A3F5-80CAB47D3AE2}.Release|Any CPU.Build.0 = Release|Any CPU
	EndGlobalSection
	GlobalSection(SolutionProperties) = preSolution
		HideSolutionNode = FALSE
	EndGlobalSection
	GlobalSection(NestedProjects) = preSolution
		{3F1303A2-4AEB-4ED1-9E17-713AE6EA2E42} = {02EA681E-C7D8-13C7-8484-4AC65E1B71E8}
		{57468EEC-970B-419E-A0EB-9AFE9552E272} = {02EA681E-C7D8-13C7-8484-4AC65E1B71E8}
		{CAD8D4F3-4B50-4E4A-B424-36F1D2B6B410} = {02EA681E-C7D8-13C7-8484-4AC65E1B71E8}
		{E2902B6A-5CE2-4A0C-A232-65094FBA5851} = {7C952399-7CB9-4A75-956D-04E34C5DC989}
		{1E86DF85-D992-42C4-86FC-42830C50CB2F} = {7C952399-7CB9-4A75-956D-04E34C5DC989}
		{2B863802-EF15-421B-B58C-E1EE64C7E7EA} = {7C952399-7CB9-4A75-956D-04E34C5DC989}
		{CA21879A-EE87-4C85-AF95-DDCD81ABFBE7} = {23D8FC3E-4F66-4F63-88B5-7B95131B2815}
		{DC918FE5-63F0-4172-8201-AEC4F18475A9} = {23D8FC3E-4F66-4F63-88B5-7B95131B2815}
		{4267759A-1CEA-4FB9-A4A0-7089C05465CA} = {23D8FC3E-4F66-4F63-88B5-7B95131B2815}
		{C0880EA7-6B6E-4CBE-A334-6581FD05DA8D} = {889147B4-5895-4E8C-BBE5-3919DB3FC1AE}
		{030C5932-F9D0-45BC-A224-7015B318CDDE} = {889147B4-5895-4E8C-BBE5-3919DB3FC1AE}
		{65204C70-C3DE-4BF9-A3F5-80CAB47D3AE2} = {889147B4-5895-4E8C-BBE5-3919DB3FC1AE}
	EndGlobalSection
	GlobalSection(ExtensibilityGlobals) = postSolution
		SolutionGuid = {8BE56471-719E-42C1-96D2-7AD5C4894895}
	EndGlobalSection
EndGlobal
